
Microsoft Visual Studio Solution File, Format Version 12.00
# Visual Studio 15
VisualStudioVersion = 15.0.27428.2015
MinimumVisualStudioVersion = 10.0.40219.1
Project("{9A19103F-16F7-4668-BE54-9A1E7A4F7556}") = "DotNetStarter.Extensions.Registrations.AspNetCore", "src\DotNetStarter.Extensions.Registrations.AspNetCore\DotNetStarter.Extensions.Registrations.AspNetCore.csproj", "{3CF5C342-EA29-43A9-A3B6-233EB25B30DF}"
EndProject
Project("{9A19103F-16F7-4668-BE54-9A1E7A4F7556}") = "DotNetStarter.Extensions.Registrations.EpiserverCms", "src\DotNetStarter.Extensions.Registrations.EpiserverCms\DotNetStarter.Extensions.Registrations.EpiserverCms.csproj", "{9B8A5C5A-6E09-486E-8701-933CCBE7F789}"
EndProject
Project("{2150E333-8FDC-42A3-9474-1A3956D46DE8}") = "SolutionItems", "SolutionItems", "{93E323EE-B1E0-4CD9-B27C-4A84F8468373}"
	ProjectSection(SolutionItems) = preProject
		.gitignore = .gitignore
		appveyor.yml = appveyor.yml
		license.txt = license.txt
		.nuget\nuget.config = .nuget\nuget.config
		.nuget\pack.ps1 = .nuget\pack.ps1
		readme.md = readme.md
		.nuget\setVersion.ps1 = .nuget\setVersion.ps1
	EndProjectSection
EndProject
Project("{9A19103F-16F7-4668-BE54-9A1E7A4F7556}") = "ExampleServicePackage", "src\ExampleServicePackage\ExampleServicePackage.csproj", "{E6D1A36B-459A-48BF-B74D-03B6B711BE33}"
EndProject
Project("{2150E333-8FDC-42A3-9474-1A3956D46DE8}") = "Examples", "Examples", "{3D4F2AB8-9A42-4A5F-B88C-E02DBC2FCFDE}"
EndProject
Project("{2150E333-8FDC-42A3-9474-1A3956D46DE8}") = "tests", "tests", "{14BD1B63-B05C-4024-9ECA-81DFDE3BF8BA}"
EndProject
Project("{9A19103F-16F7-4668-BE54-9A1E7A4F7556}") = "DotNetStarter.Extensions.Registrations.Core.Tests", "tests\DotNetStarter.Extensions.Registrations.Core.Tests\DotNetStarter.Extensions.Registrations.Core.Tests.csproj", "{73A2DD13-9825-4622-9F1B-E43008D5291F}"
EndProject
Project("{9A19103F-16F7-4668-BE54-9A1E7A4F7556}") = "DotNetStarter.Extensions.Registrations", "src\DotNetStarter.Extensions.Registrations\DotNetStarter.Extensions.Registrations.csproj", "{74153365-5918-4B2A-81B9-DFB3D1A88EBD}"
EndProject
Global
	GlobalSection(SolutionConfigurationPlatforms) = preSolution
		Debug|Any CPU = Debug|Any CPU
		Release|Any CPU = Release|Any CPU
	EndGlobalSection
	GlobalSection(ProjectConfigurationPlatforms) = postSolution
		{3CF5C342-EA29-43A9-A3B6-233EB25B30DF}.Debug|Any CPU.ActiveCfg = Debug|Any CPU
		{3CF5C342-EA29-43A9-A3B6-233EB25B30DF}.Debug|Any CPU.Build.0 = Debug|Any CPU
		{3CF5C342-EA29-43A9-A3B6-233EB25B30DF}.Release|Any CPU.ActiveCfg = Release|Any CPU
		{3CF5C342-EA29-43A9-A3B6-233EB25B30DF}.Release|Any CPU.Build.0 = Release|Any CPU
		{9B8A5C5A-6E09-486E-8701-933CCBE7F789}.Debug|Any CPU.ActiveCfg = Debug|Any CPU
		{9B8A5C5A-6E09-486E-8701-933CCBE7F789}.Debug|Any CPU.Build.0 = Debug|Any CPU
		{9B8A5C5A-6E09-486E-8701-933CCBE7F789}.Release|Any CPU.ActiveCfg = Release|Any CPU
		{9B8A5C5A-6E09-486E-8701-933CCBE7F789}.Release|Any CPU.Build.0 = Release|Any CPU
		{E6D1A36B-459A-48BF-B74D-03B6B711BE33}.Debug|Any CPU.ActiveCfg = Debug|Any CPU
		{E6D1A36B-459A-48BF-B74D-03B6B711BE33}.Debug|Any CPU.Build.0 = Debug|Any CPU
		{E6D1A36B-459A-48BF-B74D-03B6B711BE33}.Release|Any CPU.ActiveCfg = Release|Any CPU
		{E6D1A36B-459A-48BF-B74D-03B6B711BE33}.Release|Any CPU.Build.0 = Release|Any CPU
		{73A2DD13-9825-4622-9F1B-E43008D5291F}.Debug|Any CPU.ActiveCfg = Debug|Any CPU
		{73A2DD13-9825-4622-9F1B-E43008D5291F}.Debug|Any CPU.Build.0 = Debug|Any CPU
		{73A2DD13-9825-4622-9F1B-E43008D5291F}.Release|Any CPU.ActiveCfg = Release|Any CPU
		{73A2DD13-9825-4622-9F1B-E43008D5291F}.Release|Any CPU.Build.0 = Release|Any CPU
		{74153365-5918-4B2A-81B9-DFB3D1A88EBD}.Debug|Any CPU.ActiveCfg = Debug|Any CPU
		{74153365-5918-4B2A-81B9-DFB3D1A88EBD}.Debug|Any CPU.Build.0 = Debug|Any CPU
		{74153365-5918-4B2A-81B9-DFB3D1A88EBD}.Release|Any CPU.ActiveCfg = Release|Any CPU
		{74153365-5918-4B2A-81B9-DFB3D1A88EBD}.Release|Any CPU.Build.0 = Release|Any CPU
	EndGlobalSection
	GlobalSection(SolutionProperties) = preSolution
		HideSolutionNode = FALSE
	EndGlobalSection
	GlobalSection(NestedProjects) = preSolution
		{E6D1A36B-459A-48BF-B74D-03B6B711BE33} = {3D4F2AB8-9A42-4A5F-B88C-E02DBC2FCFDE}
		{73A2DD13-9825-4622-9F1B-E43008D5291F} = {14BD1B63-B05C-4024-9ECA-81DFDE3BF8BA}
	EndGlobalSection
	GlobalSection(ExtensibilityGlobals) = postSolution
		SolutionGuid = {B9D169EA-1A52-47CD-9080-C064B2AC4A6B}
	EndGlobalSection
EndGlobal
